// !$*UTF8*$!
{
	archiveVersion = 1;
	classes = {
	};
	objectVersion = 46;
	objects = {

/* Begin PBXBuildFile section */
		3E0FD007142A721000B57434 /* AZView.m in Sources */ = {isa = PBXBuildFile; fileRef = 3E0FD006142A721000B57434 /* AZView.m */; };
		3E0FD00B142A800F00B57434 /* AZPoint.m in Sources */ = {isa = PBXBuildFile; fileRef = 3E0FD00A142A800F00B57434 /* AZPoint.m */; };
		3E0FD00E142A8CFA00B57434 /* AZPositionState.m in Sources */ = {isa = PBXBuildFile; fileRef = 3E0FD00D142A8CFA00B57434 /* AZPositionState.m */; };
		3E4F102C142BBEA20061154E /* AZEngine.m in Sources */ = {isa = PBXBuildFile; fileRef = 3E4F102B142BBEA20061154E /* AZEngine.m */; };
		3EB977EF1429382C0001FE73 /* UIKit.framework in Frameworks */ = {isa = PBXBuildFile; fileRef = 3EB977EE1429382C0001FE73 /* UIKit.framework */; };
		3EB977F11429382C0001FE73 /* Foundation.framework in Frameworks */ = {isa = PBXBuildFile; fileRef = 3EB977F01429382C0001FE73 /* Foundation.framework */; };
		3EB977F31429382C0001FE73 /* CoreGraphics.framework in Frameworks */ = {isa = PBXBuildFile; fileRef = 3EB977F21429382C0001FE73 /* CoreGraphics.framework */; };
		3EB977F91429382C0001FE73 /* InfoPlist.strings in Resources */ = {isa = PBXBuildFile; fileRef = 3EB977F71429382C0001FE73 /* InfoPlist.strings */; };
		3EB977FB1429382C0001FE73 /* main.m in Sources */ = {isa = PBXBuildFile; fileRef = 3EB977FA1429382C0001FE73 /* main.m */; };
		3EB977FF1429382C0001FE73 /* AzimuthAppDelegate.m in Sources */ = {isa = PBXBuildFile; fileRef = 3EB977FE1429382C0001FE73 /* AzimuthAppDelegate.m */; };
		3EB978021429382D0001FE73 /* MainWindow.xib in Resources */ = {isa = PBXBuildFile; fileRef = 3EB978001429382D0001FE73 /* MainWindow.xib */; };
		3EB978051429382D0001FE73 /* AzimuthViewController.m in Sources */ = {isa = PBXBuildFile; fileRef = 3EB978041429382D0001FE73 /* AzimuthViewController.m */; };
		3EB978081429382D0001FE73 /* AzimuthViewController.xib in Resources */ = {isa = PBXBuildFile; fileRef = 3EB978061429382D0001FE73 /* AzimuthViewController.xib */; };
/* End PBXBuildFile section */

/* Begin PBXFileReference section */
		3E0FD005142A721000B57434 /* AZView.h */ = {isa = PBXFileReference; fileEncoding = 4; lastKnownFileType = sourcecode.c.h; name = AZView.h; path = UI/AZView.h; sourceTree = "<group>"; };
		3E0FD006142A721000B57434 /* AZView.m */ = {isa = PBXFileReference; fileEncoding = 4; lastKnownFileType = sourcecode.c.objc; name = AZView.m; path = UI/AZView.m; sourceTree = "<group>"; };
		3E0FD009142A800F00B57434 /* AZPoint.h */ = {isa = PBXFileReference; fileEncoding = 4; lastKnownFileType = sourcecode.c.h; name = AZPoint.h; path = Model/AZPoint.h; sourceTree = "<group>"; };
		3E0FD00A142A800F00B57434 /* AZPoint.m */ = {isa = PBXFileReference; fileEncoding = 4; lastKnownFileType = sourcecode.c.objc; name = AZPoint.m; path = Model/AZPoint.m; sourceTree = "<group>"; };
		3E0FD00C142A8CFA00B57434 /* AZPositionState.h */ = {isa = PBXFileReference; fileEncoding = 4; lastKnownFileType = sourcecode.c.h; name = AZPositionState.h; path = Model/AZPositionState.h; sourceTree = "<group>"; };
		3E0FD00D142A8CFA00B57434 /* AZPositionState.m */ = {isa = PBXFileReference; fileEncoding = 4; lastKnownFileType = sourcecode.c.objc; name = AZPositionState.m; path = Model/AZPositionState.m; sourceTree = "<group>"; };
		3E4F102A142BBEA20061154E /* AZEngine.h */ = {isa = PBXFileReference; fileEncoding = 4; lastKnownFileType = sourcecode.c.h; name = AZEngine.h; path = Engine/AZEngine.h; sourceTree = "<group>"; };
		3E4F102B142BBEA20061154E /* AZEngine.m */ = {isa = PBXFileReference; fileEncoding = 4; lastKnownFileType = sourcecode.c.objc; name = AZEngine.m; path = Engine/AZEngine.m; sourceTree = "<group>"; };
		3EB977EA1429382C0001FE73 /* Azimuth.app */ = {isa = PBXFileReference; explicitFileType = wrapper.application; includeInIndex = 0; path = Azimuth.app; sourceTree = BUILT_PRODUCTS_DIR; };
		3EB977EE1429382C0001FE73 /* UIKit.framework */ = {isa = PBXFileReference; lastKnownFileType = wrapper.framework; name = UIKit.framework; path = System/Library/Frameworks/UIKit.framework; sourceTree = SDKROOT; };
		3EB977F01429382C0001FE73 /* Foundation.framework */ = {isa = PBXFileReference; lastKnownFileType = wrapper.framework; name = Foundation.framework; path = System/Library/Frameworks/Foundation.framework; sourceTree = SDKROOT; };
		3EB977F21429382C0001FE73 /* CoreGraphics.framework */ = {isa = PBXFileReference; lastKnownFileType = wrapper.framework; name = CoreGraphics.framework; path = System/Library/Frameworks/CoreGraphics.framework; sourceTree = SDKROOT; };
		3EB977F61429382C0001FE73 /* Azimuth-Info.plist */ = {isa = PBXFileReference; lastKnownFileType = text.plist.xml; path = "Azimuth-Info.plist"; sourceTree = "<group>"; };
		3EB977F81429382C0001FE73 /* en */ = {isa = PBXFileReference; lastKnownFileType = text.plist.strings; name = en; path = en.lproj/InfoPlist.strings; sourceTree = "<group>"; };
		3EB977FA1429382C0001FE73 /* main.m */ = {isa = PBXFileReference; lastKnownFileType = sourcecode.c.objc; path = main.m; sourceTree = "<group>"; };
		3EB977FC1429382C0001FE73 /* Azimuth-Prefix.pch */ = {isa = PBXFileReference; lastKnownFileType = sourcecode.c.h; path = "Azimuth-Prefix.pch"; sourceTree = "<group>"; };
		3EB977FD1429382C0001FE73 /* AzimuthAppDelegate.h */ = {isa = PBXFileReference; lastKnownFileType = sourcecode.c.h; path = AzimuthAppDelegate.h; sourceTree = "<group>"; };
		3EB977FE1429382C0001FE73 /* AzimuthAppDelegate.m */ = {isa = PBXFileReference; lastKnownFileType = sourcecode.c.objc; path = AzimuthAppDelegate.m; sourceTree = "<group>"; };
		3EB978011429382D0001FE73 /* en */ = {isa = PBXFileReference; lastKnownFileType = file.xib; name = en; path = en.lproj/MainWindow.xib; sourceTree = "<group>"; };
		3EB978031429382D0001FE73 /* AzimuthViewController.h */ = {isa = PBXFileReference; lastKnownFileType = sourcecode.c.h; path = AzimuthViewController.h; sourceTree = "<group>"; };
		3EB978041429382D0001FE73 /* AzimuthViewController.m */ = {isa = PBXFileReference; lastKnownFileType = sourcecode.c.objc; path = AzimuthViewController.m; sourceTree = "<group>"; };
		3EB978071429382D0001FE73 /* en */ = {isa = PBXFileReference; lastKnownFileType = file.xib; name = en; path = en.lproj/AzimuthViewController.xib; sourceTree = "<group>"; };
/* End PBXFileReference section */

/* Begin PBXFrameworksBuildPhase section */
		3EB977E71429382C0001FE73 /* Frameworks */ = {
			isa = PBXFrameworksBuildPhase;
			buildActionMask = 2147483647;
			files = (
				3EB977EF1429382C0001FE73 /* UIKit.framework in Frameworks */,
				3EB977F11429382C0001FE73 /* Foundation.framework in Frameworks */,
				3EB977F31429382C0001FE73 /* CoreGraphics.framework in Frameworks */,
			);
			runOnlyForDeploymentPostprocessing = 0;
		};
/* End PBXFrameworksBuildPhase section */

/* Begin PBXGroup section */
		3E0FCFFC142A6FF600B57434 /* UI */ = {
			isa = PBXGroup;
			children = (
				3E0FD005142A721000B57434 /* AZView.h */,
				3E0FD006142A721000B57434 /* AZView.m */,
			);
			name = UI;
			sourceTree = "<group>";
		};
		3E0FCFFE142A702700B57434 /* Controllers */ = {
			isa = PBXGroup;
			children = (
				3EB978031429382D0001FE73 /* AzimuthViewController.h */,
				3EB978041429382D0001FE73 /* AzimuthViewController.m */,
			);
			name = Controllers;
			sourceTree = "<group>";
		};
		3E0FD008142A7FDD00B57434 /* Model */ = {
			isa = PBXGroup;
			children = (
				3E0FD009142A800F00B57434 /* AZPoint.h */,
				3E0FD00A142A800F00B57434 /* AZPoint.m */,
				3E0FD00C142A8CFA00B57434 /* AZPositionState.h */,
				3E0FD00D142A8CFA00B57434 /* AZPositionState.m */,
			);
			name = Model;
			sourceTree = "<group>";
		};
		3E4F1028142BBA5D0061154E /* Engine */ = {
			isa = PBXGroup;
			children = (
				3E4F102A142BBEA20061154E /* AZEngine.h */,
				3E4F102B142BBEA20061154E /* AZEngine.m */,
			);
			name = Engine;
			sourceTree = "<group>";
		};
		3EB977DF1429382C0001FE73 = {
			isa = PBXGroup;
			children = (
				3EB977F41429382C0001FE73 /* Azimuth */,
				3EB977ED1429382C0001FE73 /* Frameworks */,
				3EB977EB1429382C0001FE73 /* Products */,
			);
			sourceTree = "<group>";
		};
		3EB977EB1429382C0001FE73 /* Products */ = {
			isa = PBXGroup;
			children = (
				3EB977EA1429382C0001FE73 /* Azimuth.app */,
			);
			name = Products;
			sourceTree = "<group>";
		};
		3EB977ED1429382C0001FE73 /* Frameworks */ = {
			isa = PBXGroup;
			children = (
				3EB977EE1429382C0001FE73 /* UIKit.framework */,
				3EB977F01429382C0001FE73 /* Foundation.framework */,
				3EB977F21429382C0001FE73 /* CoreGraphics.framework */,
			);
			name = Frameworks;
			sourceTree = "<group>";
		};
		3EB977F41429382C0001FE73 /* Azimuth */ = {
			isa = PBXGroup;
			children = (
				3E4F1028142BBA5D0061154E /* Engine */,
				3E0FD008142A7FDD00B57434 /* Model */,
				3E0FCFFE142A702700B57434 /* Controllers */,
				3E0FCFFC142A6FF600B57434 /* UI */,
				3EB977FD1429382C0001FE73 /* AzimuthAppDelegate.h */,
				3EB977FE1429382C0001FE73 /* AzimuthAppDelegate.m */,
				3EB978001429382D0001FE73 /* MainWindow.xib */,
				3EB978061429382D0001FE73 /* AzimuthViewController.xib */,
				3EB977F51429382C0001FE73 /* Supporting Files */,
			);
			path = Azimuth;
			sourceTree = "<group>";
		};
		3EB977F51429382C0001FE73 /* Supporting Files */ = {
			isa = PBXGroup;
			children = (
				3EB977F61429382C0001FE73 /* Azimuth-Info.plist */,
				3EB977F71429382C0001FE73 /* InfoPlist.strings */,
				3EB977FA1429382C0001FE73 /* main.m */,
				3EB977FC1429382C0001FE73 /* Azimuth-Prefix.pch */,
			);
			name = "Supporting Files";
			sourceTree = "<group>";
		};
/* End PBXGroup section */

/* Begin PBXNativeTarget section */
		3EB977E91429382C0001FE73 /* Azimuth */ = {
			isa = PBXNativeTarget;
			buildConfigurationList = 3EB9780B1429382D0001FE73 /* Build configuration list for PBXNativeTarget "Azimuth" */;
			buildPhases = (
				3EB977E61429382C0001FE73 /* Sources */,
				3EB977E71429382C0001FE73 /* Frameworks */,
				3EB977E81429382C0001FE73 /* Resources */,
			);
			buildRules = (
			);
			dependencies = (
			);
			name = Azimuth;
			productName = Azimuth;
			productReference = 3EB977EA1429382C0001FE73 /* Azimuth.app */;
			productType = "com.apple.product-type.application";
		};
/* End PBXNativeTarget section */

/* Begin PBXProject section */
		3EB977E11429382C0001FE73 /* Project object */ = {
			isa = PBXProject;
			attributes = {
				ORGANIZATIONNAME = Epam;
			};
			buildConfigurationList = 3EB977E41429382C0001FE73 /* Build configuration list for PBXProject "Azimuth" */;
			compatibilityVersion = "Xcode 3.2";
			developmentRegion = English;
			hasScannedForEncodings = 0;
			knownRegions = (
				en,
			);
			mainGroup = 3EB977DF1429382C0001FE73;
			productRefGroup = 3EB977EB1429382C0001FE73 /* Products */;
			projectDirPath = "";
			projectRoot = "";
			targets = (
				3EB977E91429382C0001FE73 /* Azimuth */,
			);
		};
/* End PBXProject section */

/* Begin PBXResourcesBuildPhase section */
		3EB977E81429382C0001FE73 /* Resources */ = {
			isa = PBXResourcesBuildPhase;
			buildActionMask = 2147483647;
			files = (
				3EB977F91429382C0001FE73 /* InfoPlist.strings in Resources */,
				3EB978021429382D0001FE73 /* MainWindow.xib in Resources */,
				3EB978081429382D0001FE73 /* AzimuthViewController.xib in Resources */,
			);
			runOnlyForDeploymentPostprocessing = 0;
		};
/* End PBXResourcesBuildPhase section */

/* Begin PBXSourcesBuildPhase section */
		3EB977E61429382C0001FE73 /* Sources */ = {
			isa = PBXSourcesBuildPhase;
			buildActionMask = 2147483647;
			files = (
				3EB977FB1429382C0001FE73 /* main.m in Sources */,
				3EB977FF1429382C0001FE73 /* AzimuthAppDelegate.m in Sources */,
				3EB978051429382D0001FE73 /* AzimuthViewController.m in Sources */,
				3E0FD007142A721000B57434 /* AZView.m in Sources */,
				3E0FD00B142A800F00B57434 /* AZPoint.m in Sources */,
				3E0FD00E142A8CFA00B57434 /* AZPositionState.m in Sources */,
				3E4F102C142BBEA20061154E /* AZEngine.m in Sources */,
			);
			runOnlyForDeploymentPostprocessing = 0;
		};
/* End PBXSourcesBuildPhase section */

/* Begin PBXVariantGroup section */
		3EB977F71429382C0001FE73 /* InfoPlist.strings */ = {
			isa = PBXVariantGroup;
			children = (
				3EB977F81429382C0001FE73 /* en */,
			);
			name = InfoPlist.strings;
			sourceTree = "<group>";
		};
		3EB978001429382D0001FE73 /* MainWindow.xib */ = {
			isa = PBXVariantGroup;
			children = (
				3EB978011429382D0001FE73 /* en */,
			);
			name = MainWindow.xib;
			sourceTree = "<group>";
		};
		3EB978061429382D0001FE73 /* AzimuthViewController.xib */ = {
			isa = PBXVariantGroup;
			children = (
				3EB978071429382D0001FE73 /* en */,
			);
			name = AzimuthViewController.xib;
			sourceTree = "<group>";
		};
/* End PBXVariantGroup section */

/* Begin XCBuildConfiguration section */
		3EB978091429382D0001FE73 /* Debug */ = {
			isa = XCBuildConfiguration;
			buildSettings = {
				ALWAYS_SEARCH_USER_PATHS = NO;
				ARCHS = "$(ARCHS_STANDARD_32_BIT)";
				"CODE_SIGN_IDENTITY[sdk=iphoneos*]" = "iPhone Developer";
				COPY_PHASE_STRIP = NO;
				GCC_C_LANGUAGE_STANDARD = gnu99;
				GCC_DYNAMIC_NO_PIC = NO;
				GCC_OPTIMIZATION_LEVEL = 0;
				GCC_PREPROCESSOR_DEFINITIONS = (
					"DEBUG=1",
					"$(inherited)",
				);
				GCC_SYMBOLS_PRIVATE_EXTERN = NO;
				GCC_VERSION = com.apple.compilers.llvmgcc42;
				GCC_WARN_ABOUT_MISSING_PROTOTYPES = YES;
				GCC_WARN_ABOUT_RETURN_TYPE = YES;
				GCC_WARN_UNUSED_VARIABLE = YES;
				IPHONEOS_DEPLOYMENT_TARGET = 4.3;
				SDKROOT = iphoneos;
			};
			name = Debug;
		};
		3EB9780A1429382D0001FE73 /* Release */ = {
			isa = XCBuildConfiguration;
			buildSettings = {
				ALWAYS_SEARCH_USER_PATHS = NO;
				ARCHS = "$(ARCHS_STANDARD_32_BIT)";
				"CODE_SIGN_IDENTITY[sdk=iphoneos*]" = "iPhone Developer";
				COPY_PHASE_STRIP = YES;
				GCC_C_LANGUAGE_STANDARD = gnu99;
				GCC_VERSION = com.apple.compilers.llvmgcc42;
				GCC_WARN_ABOUT_MISSING_PROTOTYPES = YES;
				GCC_WARN_ABOUT_RETURN_TYPE = YES;
				GCC_WARN_UNUSED_VARIABLE = YES;
				IPHONEOS_DEPLOYMENT_TARGET = 4.3;
				OTHER_CFLAGS = "-DNS_BLOCK_ASSERTIONS=1";
				SDKROOT = iphoneos;
				VALIDATE_PRODUCT = YES;
			};
			name = Release;
		};
		3EB9780C1429382D0001FE73 /* Debug */ = {
			isa = XCBuildConfiguration;
			buildSettings = {
				GCC_PRECOMPILE_PREFIX_HEADER = YES;
				GCC_PREFIX_HEADER = "Azimuth/Azimuth-Prefix.pch";
				INFOPLIST_FILE = "Azimuth/Azimuth-Info.plist";
				PRODUCT_NAME = "$(TARGET_NAME)";
				WRAPPER_EXTENSION = app;
			};
			name = Debug;
		};
		3EB9780D1429382D0001FE73 /* Release */ = {
			isa = XCBuildConfiguration;
			buildSettings = {
				GCC_PRECOMPILE_PREFIX_HEADER = YES;
				GCC_PREFIX_HEADER = "Azimuth/Azimuth-Prefix.pch";
				INFOPLIST_FILE = "Azimuth/Azimuth-Info.plist";
				PRODUCT_NAME = "$(TARGET_NAME)";
				WRAPPER_EXTENSION = app;
			};
			name = Release;
		};
/* End XCBuildConfiguration section */

/* Begin XCConfigurationList section */
		3EB977E41429382C0001FE73 /* Build configuration list for PBXProject "Azimuth" */ = {
			isa = XCConfigurationList;
			buildConfigurations = (
				3EB978091429382D0001FE73 /* Debug */,
				3EB9780A1429382D0001FE73 /* Release */,
			);
			defaultConfigurationIsVisible = 0;
			defaultConfigurationName = Release;
		};
		3EB9780B1429382D0001FE73 /* Build configuration list for PBXNativeTarget "Azimuth" */ = {
			isa = XCConfigurationList;
			buildConfigurations = (
				3EB9780C1429382D0001FE73 /* Debug */,
				3EB9780D1429382D0001FE73 /* Release */,
			);
			defaultConfigurationIsVisible = 0;
			defaultConfigurationName = Release;
		};
/* End XCConfigurationList section */
	};
	rootObject = 3EB977E11429382C0001FE73 /* Project object */;
}
